{
  "version": "5",
  "specifiers": {
    "npm:pyodide@0.27.7": "0.27.7"
  },
  "npm": {
    "pyodide@0.27.7": {
      "integrity": "sha512-RUSVJlhQdfWfgO9hVHCiXoG+nVZQRS5D9FzgpLJ/VcgGBLSAKoPL8kTiOikxbHQm1kRISeWUBdulEgO26qpSRA==",
      "dependencies": [
        "ws"
      ]
    },
    "ws@8.18.3": {
      "integrity": "sha512-PEIGCY5tSlUt50cqyMXfCzX+oOPqN0vuGqWzbcJ2xvnkzkq46oOpz7dQaTDBdfICb4N14+GARUDw2XV2N4tvzg=="
    }
  },
  "workspace": {
    "dependencies": [
      "npm:pyodide@0.27.7"
    ]
  }
}
